
Microsoft Visual Studio Solution File, Format Version 12.00
# Visual Studio 15
VisualStudioVersion = 15.0.28010.2048
MinimumVisualStudioVersion = 10.0.40219.1
Project("{8BC9CEB8-8B4A-11D0-8D11-00A0C91BC942}") = "01-linear-program", "01-linear-program\01-linear-program.vcxproj", "{90B790A2-2D18-4052-A8E9-B94030E55B19}"
EndProject
Project("{8BC9CEB8-8B4A-11D0-8D11-00A0C91BC942}") = "02-conditionals-loops-1", "02-conditionals-loops-1\02-conditionals-loops-1.vcxproj", "{6177CF10-2643-42A2-ABA3-277A360301AE}"
EndProject
Project("{8BC9CEB8-8B4A-11D0-8D11-00A0C91BC942}") = "03-conditionals-loops-2", "03-conditionals-loops-2\03-conditionals-loops-2.vcxproj", "{B0E17AC8-199F-459B-A3B3-E5B9BE731B64}"
EndProject
Project("{8BC9CEB8-8B4A-11D0-8D11-00A0C91BC942}") = "04-functions", "04-functions\04-functions.vcxproj", "{3B506145-054F-420C-85C1-34AAC75F622E}"
EndProject
Project("{8BC9CEB8-8B4A-11D0-8D11-00A0C91BC942}") = "05-arrays-1d", "05-arrays-1d\05-arrays-1d.vcxproj", "{E62AA886-42FF-42ED-B10B-32AEFD8971BF}"
EndProject
Project("{8BC9CEB8-8B4A-11D0-8D11-00A0C91BC942}") = "06-arrays-2d", "06-arrays-2d\06-arrays-2d.vcxproj", "{53195F1D-5F1B-45FC-AF8D-79B658BC0E9B}"
EndProject
Project("{8BC9CEB8-8B4A-11D0-8D11-00A0C91BC942}") = "07-strings", "07-strings\07-strings.vcxproj", "{F0CD2ABE-F9BA-4295-A5A1-4D8B883BC97C}"
EndProject
Project("{8BC9CEB8-8B4A-11D0-8D11-00A0C91BC942}") = "08-structures", "08-structures\08-structures.vcxproj", "{1B7E9F4F-168A-4D70-8AD3-CD0475094A70}"
EndProject
Project("{8BC9CEB8-8B4A-11D0-8D11-00A0C91BC942}") = "09-multi-file-project", "09-multi-file-project\09-multi-file-project.vcxproj", "{A5067E54-25DB-40E8-AE5F-E5DFA31F23FF}"
EndProject
Project("{8BC9CEB8-8B4A-11D0-8D11-00A0C91BC942}") = "10-templates", "10-templates\10-templates.vcxproj", "{EE25AC17-D36B-4215-9CEE-BBF0EA6FFDD6}"
EndProject
Global
	GlobalSection(SolutionConfigurationPlatforms) = preSolution
		Debug|x64 = Debug|x64
		Debug|x86 = Debug|x86
		Release|x64 = Release|x64
		Release|x86 = Release|x86
	EndGlobalSection
	GlobalSection(ProjectConfigurationPlatforms) = postSolution
		{90B790A2-2D18-4052-A8E9-B94030E55B19}.Debug|x64.ActiveCfg = Debug|x64
		{90B790A2-2D18-4052-A8E9-B94030E55B19}.Debug|x64.Build.0 = Debug|x64
		{90B790A2-2D18-4052-A8E9-B94030E55B19}.Debug|x86.ActiveCfg = Debug|Win32
		{90B790A2-2D18-4052-A8E9-B94030E55B19}.Debug|x86.Build.0 = Debug|Win32
		{90B790A2-2D18-4052-A8E9-B94030E55B19}.Release|x64.ActiveCfg = Release|x64
		{90B790A2-2D18-4052-A8E9-B94030E55B19}.Release|x64.Build.0 = Release|x64
		{90B790A2-2D18-4052-A8E9-B94030E55B19}.Release|x86.ActiveCfg = Release|Win32
		{90B790A2-2D18-4052-A8E9-B94030E55B19}.Release|x86.Build.0 = Release|Win32
		{6177CF10-2643-42A2-ABA3-277A360301AE}.Debug|x64.ActiveCfg = Debug|x64
		{6177CF10-2643-42A2-ABA3-277A360301AE}.Debug|x64.Build.0 = Debug|x64
		{6177CF10-2643-42A2-ABA3-277A360301AE}.Debug|x86.ActiveCfg = Debug|Win32
		{6177CF10-2643-42A2-ABA3-277A360301AE}.Debug|x86.Build.0 = Debug|Win32
		{6177CF10-2643-42A2-ABA3-277A360301AE}.Release|x64.ActiveCfg = Release|x64
		{6177CF10-2643-42A2-ABA3-277A360301AE}.Release|x64.Build.0 = Release|x64
		{6177CF10-2643-42A2-ABA3-277A360301AE}.Release|x86.ActiveCfg = Release|Win32
		{6177CF10-2643-42A2-ABA3-277A360301AE}.Release|x86.Build.0 = Release|Win32
		{B0E17AC8-199F-459B-A3B3-E5B9BE731B64}.Debug|x64.ActiveCfg = Debug|x64
		{B0E17AC8-199F-459B-A3B3-E5B9BE731B64}.Debug|x64.Build.0 = Debug|x64
		{B0E17AC8-199F-459B-A3B3-E5B9BE731B64}.Debug|x86.ActiveCfg = Debug|Win32
		{B0E17AC8-199F-459B-A3B3-E5B9BE731B64}.Debug|x86.Build.0 = Debug|Win32
		{B0E17AC8-199F-459B-A3B3-E5B9BE731B64}.Release|x64.ActiveCfg = Release|x64
		{B0E17AC8-199F-459B-A3B3-E5B9BE731B64}.Release|x64.Build.0 = Release|x64
		{B0E17AC8-199F-459B-A3B3-E5B9BE731B64}.Release|x86.ActiveCfg = Release|Win32
		{B0E17AC8-199F-459B-A3B3-E5B9BE731B64}.Release|x86.Build.0 = Release|Win32
		{3B506145-054F-420C-85C1-34AAC75F622E}.Debug|x64.ActiveCfg = Debug|x64
		{3B506145-054F-420C-85C1-34AAC75F622E}.Debug|x64.Build.0 = Debug|x64
		{3B506145-054F-420C-85C1-34AAC75F622E}.Debug|x86.ActiveCfg = Debug|Win32
		{3B506145-054F-420C-85C1-34AAC75F622E}.Debug|x86.Build.0 = Debug|Win32
		{3B506145-054F-420C-85C1-34AAC75F622E}.Release|x64.ActiveCfg = Release|x64
		{3B506145-054F-420C-85C1-34AAC75F622E}.Release|x64.Build.0 = Release|x64
		{3B506145-054F-420C-85C1-34AAC75F622E}.Release|x86.ActiveCfg = Release|Win32
		{3B506145-054F-420C-85C1-34AAC75F622E}.Release|x86.Build.0 = Release|Win32
		{E62AA886-42FF-42ED-B10B-32AEFD8971BF}.Debug|x64.ActiveCfg = Debug|x64
		{E62AA886-42FF-42ED-B10B-32AEFD8971BF}.Debug|x64.Build.0 = Debug|x64
		{E62AA886-42FF-42ED-B10B-32AEFD8971BF}.Debug|x86.ActiveCfg = Debug|Win32
		{E62AA886-42FF-42ED-B10B-32AEFD8971BF}.Debug|x86.Build.0 = Debug|Win32
		{E62AA886-42FF-42ED-B10B-32AEFD8971BF}.Release|x64.ActiveCfg = Release|x64
		{E62AA886-42FF-42ED-B10B-32AEFD8971BF}.Release|x64.Build.0 = Release|x64
		{E62AA886-42FF-42ED-B10B-32AEFD8971BF}.Release|x86.ActiveCfg = Release|Win32
		{E62AA886-42FF-42ED-B10B-32AEFD8971BF}.Release|x86.Build.0 = Release|Win32
		{53195F1D-5F1B-45FC-AF8D-79B658BC0E9B}.Debug|x64.ActiveCfg = Debug|x64
		{53195F1D-5F1B-45FC-AF8D-79B658BC0E9B}.Debug|x64.Build.0 = Debug|x64
		{53195F1D-5F1B-45FC-AF8D-79B658BC0E9B}.Debug|x86.ActiveCfg = Debug|Win32
		{53195F1D-5F1B-45FC-AF8D-79B658BC0E9B}.Debug|x86.Build.0 = Debug|Win32
		{53195F1D-5F1B-45FC-AF8D-79B658BC0E9B}.Release|x64.ActiveCfg = Release|x64
		{53195F1D-5F1B-45FC-AF8D-79B658BC0E9B}.Release|x64.Build.0 = Release|x64
		{53195F1D-5F1B-45FC-AF8D-79B658BC0E9B}.Release|x86.ActiveCfg = Release|Win32
		{53195F1D-5F1B-45FC-AF8D-79B658BC0E9B}.Release|x86.Build.0 = Release|Win32
		{F0CD2ABE-F9BA-4295-A5A1-4D8B883BC97C}.Debug|x64.ActiveCfg = Debug|x64
		{F0CD2ABE-F9BA-4295-A5A1-4D8B883BC97C}.Debug|x64.Build.0 = Debug|x64
		{F0CD2ABE-F9BA-4295-A5A1-4D8B883BC97C}.Debug|x86.ActiveCfg = Debug|Win32
		{F0CD2ABE-F9BA-4295-A5A1-4D8B883BC97C}.Debug|x86.Build.0 = Debug|Win32
		{F0CD2ABE-F9BA-4295-A5A1-4D8B883BC97C}.Release|x64.ActiveCfg = Release|x64
		{F0CD2ABE-F9BA-4295-A5A1-4D8B883BC97C}.Release|x64.Build.0 = Release|x64
		{F0CD2ABE-F9BA-4295-A5A1-4D8B883BC97C}.Release|x86.ActiveCfg = Release|Win32
		{F0CD2ABE-F9BA-4295-A5A1-4D8B883BC97C}.Release|x86.Build.0 = Release|Win32
		{1B7E9F4F-168A-4D70-8AD3-CD0475094A70}.Debug|x64.ActiveCfg = Debug|x64
		{1B7E9F4F-168A-4D70-8AD3-CD0475094A70}.Debug|x64.Build.0 = Debug|x64
		{1B7E9F4F-168A-4D70-8AD3-CD0475094A70}.Debug|x86.ActiveCfg = Debug|Win32
		{1B7E9F4F-168A-4D70-8AD3-CD0475094A70}.Debug|x86.Build.0 = Debug|Win32
		{1B7E9F4F-168A-4D70-8AD3-CD0475094A70}.Release|x64.ActiveCfg = Release|x64
		{1B7E9F4F-168A-4D70-8AD3-CD0475094A70}.Release|x64.Build.0 = Release|x64
		{1B7E9F4F-168A-4D70-8AD3-CD0475094A70}.Release|x86.ActiveCfg = Release|Win32
		{1B7E9F4F-168A-4D70-8AD3-CD0475094A70}.Release|x86.Build.0 = Release|Win32
		{A5067E54-25DB-40E8-AE5F-E5DFA31F23FF}.Debug|x64.ActiveCfg = Debug|x64
		{A5067E54-25DB-40E8-AE5F-E5DFA31F23FF}.Debug|x64.Build.0 = Debug|x64
		{A5067E54-25DB-40E8-AE5F-E5DFA31F23FF}.Debug|x86.ActiveCfg = Debug|Win32
		{A5067E54-25DB-40E8-AE5F-E5DFA31F23FF}.Debug|x86.Build.0 = Debug|Win32
		{A5067E54-25DB-40E8-AE5F-E5DFA31F23FF}.Release|x64.ActiveCfg = Release|x64
		{A5067E54-25DB-40E8-AE5F-E5DFA31F23FF}.Release|x64.Build.0 = Release|x64
		{A5067E54-25DB-40E8-AE5F-E5DFA31F23FF}.Release|x86.ActiveCfg = Release|Win32
		{A5067E54-25DB-40E8-AE5F-E5DFA31F23FF}.Release|x86.Build.0 = Release|Win32
		{EE25AC17-D36B-4215-9CEE-BBF0EA6FFDD6}.Debug|x64.ActiveCfg = Debug|x64
		{EE25AC17-D36B-4215-9CEE-BBF0EA6FFDD6}.Debug|x64.Build.0 = Debug|x64
		{EE25AC17-D36B-4215-9CEE-BBF0EA6FFDD6}.Debug|x86.ActiveCfg = Debug|Win32
		{EE25AC17-D36B-4215-9CEE-BBF0EA6FFDD6}.Debug|x86.Build.0 = Debug|Win32
		{EE25AC17-D36B-4215-9CEE-BBF0EA6FFDD6}.Release|x64.ActiveCfg = Release|x64
		{EE25AC17-D36B-4215-9CEE-BBF0EA6FFDD6}.Release|x64.Build.0 = Release|x64
		{EE25AC17-D36B-4215-9CEE-BBF0EA6FFDD6}.Release|x86.ActiveCfg = Release|Win32
		{EE25AC17-D36B-4215-9CEE-BBF0EA6FFDD6}.Release|x86.Build.0 = Release|Win32
	EndGlobalSection
	GlobalSection(SolutionProperties) = preSolution
		HideSolutionNode = FALSE
	EndGlobalSection
	GlobalSection(ExtensibilityGlobals) = postSolution
		SolutionGuid = {01D2C890-D87C-4AFA-9137-8A2827DE427C}
	EndGlobalSection
EndGlobal